github.com/jackc/chunkreader/v2 v2.0.0 h1:DUwgMQuuPnS0rhMXenUtZpqZqrR/30NWY+qQvTpSvEs=
github.com/jackc/chunkreader/v2 v2.0.0/go.mod h1:odVSm741yZoC3dpHEUXIqA9tQRhFrgOHwnPIn9lDKlk=
github.com/jackc/pgio v1.0.0 h1:g12B9UwVnzGhueNavwioyEEpAmqMe1E/BN9ES+8ovkE=
github.com/jackc/pgio v1.0.0/go.mod h1:oP+2QK2wFfUWgr+gxjoBH9KGBb31Eio69xUb0w5bYf8=
github.com/jackc/pgproto3 v1.1.0 h1:FYYE4yRw+AgI8wXIinMlNjBbp/UitDJwfj5LqqewP1A=
github.com/jackc/pgproto3/v2 v2.0.0 h1:FApgMJ/GtaXfI0s8Lvd0kaLaRwMOhs4VH92pwkwQQvU=
github.com/jackc/pgproto3/v2 v2.0.0/go.mod h1:ryONWYqW6dqSg1Lw6vXNMXoBJhpzvWKnT95C46ckYeM=
